
Microsoft Visual Studio Solution File, Format Version 12.00
# Visual Studio Version 17
VisualStudioVersion = 17.10.35027.167
MinimumVisualStudioVersion = 10.0.40219.1
Project("{9A19103F-16F7-4668-BE54-9A1E7A4F7556}") = "BlazorApp8", "BlazorApp8.csproj", "{668CFF64-57CC-4512-94E4-1F9E56A6A960}"
EndProject
Project("{9A19103F-16F7-4668-BE54-9A1E7A4F7556}") = "Syncfusion.Blazor.MultiColumnComboBox", "D:\Blazor\Form-Builder\New folder (2)\ej2-blazor-source\Syncfusion.Blazor\MultiColumnComboBox\Syncfusion.Blazor.MultiColumnComboBox.csproj", "{405AB5FB-C7F8-43E7-8E3D-A4339FD11965}"
EndProject
Project("{9A19103F-16F7-4668-BE54-9A1E7A4F7556}") = "Syncfusion.Blazor.Core", "D:\Blazor\Form-Builder\New folder (2)\ej2-blazor-source\Syncfusion.Blazor\Base\Syncfusion.Blazor.Core.csproj", "{A530DF5F-246A-4E1B-9E4A-542CB996A479}"
EndProject
Project("{9A19103F-16F7-4668-BE54-9A1E7A4F7556}") = "Syncfusion.Blazor.Data", "D:\Blazor\Form-Builder\New folder (2)\ej2-blazor-source\Syncfusion.Blazor\Data\Syncfusion.Blazor.Data.csproj", "{A85CB3F4-F7A5-4D28-BBB0-7BFDE720C1AF}"
EndProject
Project("{9A19103F-16F7-4668-BE54-9A1E7A4F7556}") = "Syncfusion.Blazor.Inputs", "D:\Blazor\Form-Builder\New folder (2)\ej2-blazor-source\Syncfusion.Blazor\Inputs\Syncfusion.Blazor.Inputs.csproj", "{38DBEB7E-7C7F-4BF5-B32C-07F9C732B5BD}"
EndProject
Global
	GlobalSection(SolutionConfigurationPlatforms) = preSolution
		Debug|Any CPU = Debug|Any CPU
		Release|Any CPU = Release|Any CPU
	EndGlobalSection
	GlobalSection(ProjectConfigurationPlatforms) = postSolution
		{668CFF64-57CC-4512-94E4-1F9E56A6A960}.Debug|Any CPU.ActiveCfg = Debug|Any CPU
		{668CFF64-57CC-4512-94E4-1F9E56A6A960}.Debug|Any CPU.Build.0 = Debug|Any CPU
		{668CFF64-57CC-4512-94E4-1F9E56A6A960}.Release|Any CPU.ActiveCfg = Release|Any CPU
		{668CFF64-57CC-4512-94E4-1F9E56A6A960}.Release|Any CPU.Build.0 = Release|Any CPU
		{405AB5FB-C7F8-43E7-8E3D-A4339FD11965}.Debug|Any CPU.ActiveCfg = Debug|Any CPU
		{405AB5FB-C7F8-43E7-8E3D-A4339FD11965}.Debug|Any CPU.Build.0 = Debug|Any CPU
		{405AB5FB-C7F8-43E7-8E3D-A4339FD11965}.Release|Any CPU.ActiveCfg = Release|Any CPU
		{405AB5FB-C7F8-43E7-8E3D-A4339FD11965}.Release|Any CPU.Build.0 = Release|Any CPU
		{A530DF5F-246A-4E1B-9E4A-542CB996A479}.Debug|Any CPU.ActiveCfg = Debug|Any CPU
		{A530DF5F-246A-4E1B-9E4A-542CB996A479}.Debug|Any CPU.Build.0 = Debug|Any CPU
		{A530DF5F-246A-4E1B-9E4A-542CB996A479}.Release|Any CPU.ActiveCfg = Release|Any CPU
		{A530DF5F-246A-4E1B-9E4A-542CB996A479}.Release|Any CPU.Build.0 = Release|Any CPU
		{A85CB3F4-F7A5-4D28-BBB0-7BFDE720C1AF}.Debug|Any CPU.ActiveCfg = Debug|Any CPU
		{A85CB3F4-F7A5-4D28-BBB0-7BFDE720C1AF}.Debug|Any CPU.Build.0 = Debug|Any CPU
		{A85CB3F4-F7A5-4D28-BBB0-7BFDE720C1AF}.Release|Any CPU.ActiveCfg = Release|Any CPU
		{A85CB3F4-F7A5-4D28-BBB0-7BFDE720C1AF}.Release|Any CPU.Build.0 = Release|Any CPU
		{38DBEB7E-7C7F-4BF5-B32C-07F9C732B5BD}.Debug|Any CPU.ActiveCfg = Debug|Any CPU
		{38DBEB7E-7C7F-4BF5-B32C-07F9C732B5BD}.Debug|Any CPU.Build.0 = Debug|Any CPU
		{38DBEB7E-7C7F-4BF5-B32C-07F9C732B5BD}.Release|Any CPU.ActiveCfg = Release|Any CPU
		{38DBEB7E-7C7F-4BF5-B32C-07F9C732B5BD}.Release|Any CPU.Build.0 = Release|Any CPU
	EndGlobalSection
	GlobalSection(SolutionProperties) = preSolution
		HideSolutionNode = FALSE
	EndGlobalSection
	GlobalSection(ExtensibilityGlobals) = postSolution
		SolutionGuid = {2A43E876-86B5-43F6-855A-61C8103F6677}
	EndGlobalSection
EndGlobal
